
Microsoft Visual Studio Solution File, Format Version 12.00
# Visual Studio 2012
Project("{FAE04EC0-301F-11D3-BF4B-00C04F79EFBC}") = "ict13580015", "ict13580015\ict13580015.csproj", "{BBB6782B-668D-43B1-9BEE-E760696A5810}"
EndProject
Project("{FAE04EC0-301F-11D3-BF4B-00C04F79EFBC}") = "ict13580015.iOS", "iOS\ict13580015.iOS.csproj", "{FB39A019-E4AB-4DD2-8753-E71468201FE2}"
EndProject
Global
	GlobalSection(SolutionConfigurationPlatforms) = preSolution
		Debug|Any CPU = Debug|Any CPU
		Release|Any CPU = Release|Any CPU
		Debug|iPhoneSimulator = Debug|iPhoneSimulator
		Release|iPhone = Release|iPhone
		Release|iPhoneSimulator = Release|iPhoneSimulator
		Debug|iPhone = Debug|iPhone
	EndGlobalSection
	GlobalSection(ProjectConfigurationPlatforms) = postSolution
		{BBB6782B-668D-43B1-9BEE-E760696A5810}.Debug|Any CPU.ActiveCfg = Debug|Any CPU
		{BBB6782B-668D-43B1-9BEE-E760696A5810}.Debug|Any CPU.Build.0 = Debug|Any CPU
		{BBB6782B-668D-43B1-9BEE-E760696A5810}.Release|Any CPU.ActiveCfg = Release|Any CPU
		{BBB6782B-668D-43B1-9BEE-E760696A5810}.Release|Any CPU.Build.0 = Release|Any CPU
		{BBB6782B-668D-43B1-9BEE-E760696A5810}.Debug|iPhoneSimulator.ActiveCfg = Debug|Any CPU
		{BBB6782B-668D-43B1-9BEE-E760696A5810}.Debug|iPhoneSimulator.Build.0 = Debug|Any CPU
		{BBB6782B-668D-43B1-9BEE-E760696A5810}.Release|iPhone.ActiveCfg = Release|Any CPU
		{BBB6782B-668D-43B1-9BEE-E760696A5810}.Release|iPhone.Build.0 = Release|Any CPU
		{BBB6782B-668D-43B1-9BEE-E760696A5810}.Release|iPhoneSimulator.ActiveCfg = Release|Any CPU
		{BBB6782B-668D-43B1-9BEE-E760696A5810}.Release|iPhoneSimulator.Build.0 = Release|Any CPU
		{BBB6782B-668D-43B1-9BEE-E760696A5810}.Debug|iPhone.ActiveCfg = Debug|Any CPU
		{BBB6782B-668D-43B1-9BEE-E760696A5810}.Debug|iPhone.Build.0 = Debug|Any CPU
		{FB39A019-E4AB-4DD2-8753-E71468201FE2}.Debug|Any CPU.ActiveCfg = Debug|iPhoneSimulator
		{FB39A019-E4AB-4DD2-8753-E71468201FE2}.Debug|Any CPU.Build.0 = Debug|iPhoneSimulator
		{FB39A019-E4AB-4DD2-8753-E71468201FE2}.Release|Any CPU.ActiveCfg = Release|iPhone
		{FB39A019-E4AB-4DD2-8753-E71468201FE2}.Release|Any CPU.Build.0 = Release|iPhone
		{FB39A019-E4AB-4DD2-8753-E71468201FE2}.Debug|iPhoneSimulator.ActiveCfg = Debug|iPhoneSimulator
		{FB39A019-E4AB-4DD2-8753-E71468201FE2}.Debug|iPhoneSimulator.Build.0 = Debug|iPhoneSimulator
		{FB39A019-E4AB-4DD2-8753-E71468201FE2}.Release|iPhone.ActiveCfg = Release|iPhone
		{FB39A019-E4AB-4DD2-8753-E71468201FE2}.Release|iPhone.Build.0 = Release|iPhone
		{FB39A019-E4AB-4DD2-8753-E71468201FE2}.Release|iPhoneSimulator.ActiveCfg = Release|iPhoneSimulator
		{FB39A019-E4AB-4DD2-8753-E71468201FE2}.Release|iPhoneSimulator.Build.0 = Release|iPhoneSimulator
		{FB39A019-E4AB-4DD2-8753-E71468201FE2}.Debug|iPhone.ActiveCfg = Debug|iPhone
		{FB39A019-E4AB-4DD2-8753-E71468201FE2}.Debug|iPhone.Build.0 = Debug|iPhone
	EndGlobalSection
EndGlobal
